
Microsoft Visual Studio Solution File, Format Version 12.00
# Visual Studio 2013
VisualStudioVersion = 12.0.21005.1
MinimumVisualStudioVersion = 10.0.40219.1
Project("{FAE04EC0-301F-11D3-BF4B-00C04F79EFBC}") = "Dawn", "Dawn\Dawn\Dawn.csproj", "{E4947388-21C9-443B-A5D8-829351680DB5}"
EndProject
Project("{FAE04EC0-301F-11D3-BF4B-00C04F79EFBC}") = "DawnGame", "DawnGame\DawnGame.csproj", "{FF06D673-6CFD-4ECB-9FE8-74857E882704}"
	ProjectSection(ProjectDependencies) = postProject
		{E4947388-21C9-443B-A5D8-829351680DB5} = {E4947388-21C9-443B-A5D8-829351680DB5}
	EndProjectSection
EndProject
Project("{FAE04EC0-301F-11D3-BF4B-00C04F79EFBC}") = "DawnContent", "DawnContent\DawnContent.contentproj", "{E03C04C3-C7FE-4388-86B9-33A1B3B0DCD1}"
EndProject
Global
	GlobalSection(SolutionConfigurationPlatforms) = preSolution
		Debug|Any CPU = Debug|Any CPU
		Debug|Mixed Platforms = Debug|Mixed Platforms
		Debug|x86 = Debug|x86
		Release|Any CPU = Release|Any CPU
		Release|Mixed Platforms = Release|Mixed Platforms
		Release|x86 = Release|x86
	EndGlobalSection
	GlobalSection(ProjectConfigurationPlatforms) = postSolution
		{E4947388-21C9-443B-A5D8-829351680DB5}.Debug|Any CPU.ActiveCfg = Debug|x86
		{E4947388-21C9-443B-A5D8-829351680DB5}.Debug|Mixed Platforms.ActiveCfg = Debug|x86
		{E4947388-21C9-443B-A5D8-829351680DB5}.Debug|Mixed Platforms.Build.0 = Debug|x86
		{E4947388-21C9-443B-A5D8-829351680DB5}.Debug|x86.ActiveCfg = Debug|x86
		{E4947388-21C9-443B-A5D8-829351680DB5}.Debug|x86.Build.0 = Debug|x86
		{E4947388-21C9-443B-A5D8-829351680DB5}.Release|Any CPU.ActiveCfg = Release|x86
		{E4947388-21C9-443B-A5D8-829351680DB5}.Release|Mixed Platforms.ActiveCfg = Release|x86
		{E4947388-21C9-443B-A5D8-829351680DB5}.Release|Mixed Platforms.Build.0 = Release|x86
		{E4947388-21C9-443B-A5D8-829351680DB5}.Release|x86.ActiveCfg = Release|x86
		{E4947388-21C9-443B-A5D8-829351680DB5}.Release|x86.Build.0 = Release|x86
		{FF06D673-6CFD-4ECB-9FE8-74857E882704}.Debug|Any CPU.ActiveCfg = Debug|x86
		{FF06D673-6CFD-4ECB-9FE8-74857E882704}.Debug|Mixed Platforms.ActiveCfg = Debug|x86
		{FF06D673-6CFD-4ECB-9FE8-74857E882704}.Debug|Mixed Platforms.Build.0 = Debug|x86
		{FF06D673-6CFD-4ECB-9FE8-74857E882704}.Debug|x86.ActiveCfg = Debug|x86
		{FF06D673-6CFD-4ECB-9FE8-74857E882704}.Debug|x86.Build.0 = Debug|x86
		{FF06D673-6CFD-4ECB-9FE8-74857E882704}.Release|Any CPU.ActiveCfg = Release|x86
		{FF06D673-6CFD-4ECB-9FE8-74857E882704}.Release|Mixed Platforms.ActiveCfg = Release|x86
		{FF06D673-6CFD-4ECB-9FE8-74857E882704}.Release|Mixed Platforms.Build.0 = Release|x86
		{FF06D673-6CFD-4ECB-9FE8-74857E882704}.Release|x86.ActiveCfg = Release|x86
		{FF06D673-6CFD-4ECB-9FE8-74857E882704}.Release|x86.Build.0 = Release|x86
		{E03C04C3-C7FE-4388-86B9-33A1B3B0DCD1}.Debug|Any CPU.ActiveCfg = Debug|x86
		{E03C04C3-C7FE-4388-86B9-33A1B3B0DCD1}.Debug|Mixed Platforms.ActiveCfg = Debug|x86
		{E03C04C3-C7FE-4388-86B9-33A1B3B0DCD1}.Debug|x86.ActiveCfg = Debug|x86
		{E03C04C3-C7FE-4388-86B9-33A1B3B0DCD1}.Release|Any CPU.ActiveCfg = Release|x86
		{E03C04C3-C7FE-4388-86B9-33A1B3B0DCD1}.Release|Mixed Platforms.ActiveCfg = Release|x86
		{E03C04C3-C7FE-4388-86B9-33A1B3B0DCD1}.Release|x86.ActiveCfg = Release|x86
	EndGlobalSection
	GlobalSection(SolutionProperties) = preSolution
		HideSolutionNode = FALSE
	EndGlobalSection
EndGlobal
