
Microsoft Visual Studio Solution File, Format Version 12.00
# Visual Studio 2013
VisualStudioVersion = 12.0.21005.1
MinimumVisualStudioVersion = 10.0.40219.1
Project("{FAE04EC0-301F-11D3-BF4B-00C04F79EFBC}") = "Dawn", "Dawn\Dawn\Dawn.csproj", "{E4947388-21C9-443B-A5D8-829351680DB5}"
EndProject
Project("{96E2B04D-8817-42C6-938A-82C39BA4D311}") = "DawnContent", "Dawn\DawnContent\DawnContent.contentproj", "{E03C04C3-C7FE-4388-86B9-33A1B3B0DCD1}"
EndProject
Global
	GlobalSection(SolutionConfigurationPlatforms) = preSolution
		Debug|x86 = Debug|x86
		Release|x86 = Release|x86
	EndGlobalSection
	GlobalSection(ProjectConfigurationPlatforms) = postSolution
		{E4947388-21C9-443B-A5D8-829351680DB5}.Debug|x86.ActiveCfg = Debug|x86
		{E4947388-21C9-443B-A5D8-829351680DB5}.Debug|x86.Build.0 = Debug|x86
		{E4947388-21C9-443B-A5D8-829351680DB5}.Release|x86.ActiveCfg = Release|x86
		{E4947388-21C9-443B-A5D8-829351680DB5}.Release|x86.Build.0 = Release|x86
		{E03C04C3-C7FE-4388-86B9-33A1B3B0DCD1}.Debug|x86.ActiveCfg = Debug|x86
		{E03C04C3-C7FE-4388-86B9-33A1B3B0DCD1}.Release|x86.ActiveCfg = Release|x86
	EndGlobalSection
	GlobalSection(SolutionProperties) = preSolution
		HideSolutionNode = FALSE
	EndGlobalSection
EndGlobal
